
Microsoft Visual Studio Solution File, Format Version 12.00
# Visual Studio 14
VisualStudioVersion = 14.0.25420.1
MinimumVisualStudioVersion = 10.0.40219.1
Project("{FAE04EC0-301F-11D3-BF4B-00C04F79EFBC}") = "WinForm", "WinForm\WinForm.csproj", "{088E4362-54D1-4F2B-806F-695FB4039CF1}"
EndProject
Project("{FAE04EC0-301F-11D3-BF4B-00C04F79EFBC}") = "Controllers", "Bll\Controllers.csproj", "{E13F3E26-8B2E-4E29-B8CE-0B5F488FED89}"
EndProject
Project("{FAE04EC0-301F-11D3-BF4B-00C04F79EFBC}") = "Common", "Common\Common.csproj", "{5CD744CE-3837-4DFD-94B2-BBC0BE2ECED6}"
EndProject
Project("{FAE04EC0-301F-11D3-BF4B-00C04F79EFBC}") = "Models", "Entity\Models.csproj", "{CED4A042-434D-49B8-9B0B-6036FD61D8AC}"
EndProject
Project("{FAE04EC0-301F-11D3-BF4B-00C04F79EFBC}") = "WebService", "WebService\WebService.csproj", "{7671E299-39F0-4BEA-BC1B-7EE0C4548034}"
EndProject
Project("{FAE04EC0-301F-11D3-BF4B-00C04F79EFBC}") = "Utils", "Util\Utils.csproj", "{6F0145F2-8A11-428A-A782-17F81D30FACA}"
EndProject
Project("{FAE04EC0-301F-11D3-BF4B-00C04F79EFBC}") = "ErpInterface", "ErpInterface\ErpInterface.csproj", "{CCF5F833-B6F1-4999-8C1E-D21DF5394B8D}"
EndProject
Project("{FAE04EC0-301F-11D3-BF4B-00C04F79EFBC}") = "EncryptProgram", "EncryptProgram\EncryptProgram.csproj", "{4C65A810-D233-4640-B71B-1663E33A83A6}"
EndProject
Project("{FAE04EC0-301F-11D3-BF4B-00C04F79EFBC}") = "AutoUpdate", "AutoUpdate\AutoUpdate.csproj", "{B2A5892E-A99E-4E26-B298-CE36488213CC}"
EndProject
Project("{FAE04EC0-301F-11D3-BF4B-00C04F79EFBC}") = "PowerForm", "PowerForm\PowerForm.csproj", "{68CCDD6B-7CA5-41D1-A725-53A0D77E6C80}"
EndProject
Project("{FAE04EC0-301F-11D3-BF4B-00C04F79EFBC}") = "TestForm", "TestForm\TestForm.csproj", "{E056C409-33CB-42E3-B863-1E71526D470F}"
EndProject
Global
	GlobalSection(SolutionConfigurationPlatforms) = preSolution
		Debug|Any CPU = Debug|Any CPU
		Debug|x86 = Debug|x86
		Release|Any CPU = Release|Any CPU
		Release|x86 = Release|x86
	EndGlobalSection
	GlobalSection(ProjectConfigurationPlatforms) = postSolution
		{088E4362-54D1-4F2B-806F-695FB4039CF1}.Debug|Any CPU.ActiveCfg = Debug|x86
		{088E4362-54D1-4F2B-806F-695FB4039CF1}.Debug|Any CPU.Build.0 = Debug|x86
		{088E4362-54D1-4F2B-806F-695FB4039CF1}.Debug|x86.ActiveCfg = Debug|x86
		{088E4362-54D1-4F2B-806F-695FB4039CF1}.Debug|x86.Build.0 = Debug|x86
		{088E4362-54D1-4F2B-806F-695FB4039CF1}.Release|Any CPU.ActiveCfg = Release|Any CPU
		{088E4362-54D1-4F2B-806F-695FB4039CF1}.Release|Any CPU.Build.0 = Release|Any CPU
		{088E4362-54D1-4F2B-806F-695FB4039CF1}.Release|x86.ActiveCfg = Release|x86
		{088E4362-54D1-4F2B-806F-695FB4039CF1}.Release|x86.Build.0 = Release|x86
		{E13F3E26-8B2E-4E29-B8CE-0B5F488FED89}.Debug|Any CPU.ActiveCfg = Debug|Any CPU
		{E13F3E26-8B2E-4E29-B8CE-0B5F488FED89}.Debug|Any CPU.Build.0 = Debug|Any CPU
		{E13F3E26-8B2E-4E29-B8CE-0B5F488FED89}.Debug|x86.ActiveCfg = Debug|x86
		{E13F3E26-8B2E-4E29-B8CE-0B5F488FED89}.Debug|x86.Build.0 = Debug|x86
		{E13F3E26-8B2E-4E29-B8CE-0B5F488FED89}.Release|Any CPU.ActiveCfg = Release|Any CPU
		{E13F3E26-8B2E-4E29-B8CE-0B5F488FED89}.Release|Any CPU.Build.0 = Release|Any CPU
		{E13F3E26-8B2E-4E29-B8CE-0B5F488FED89}.Release|x86.ActiveCfg = Release|x86
		{E13F3E26-8B2E-4E29-B8CE-0B5F488FED89}.Release|x86.Build.0 = Release|x86
		{5CD744CE-3837-4DFD-94B2-BBC0BE2ECED6}.Debug|Any CPU.ActiveCfg = Debug|Any CPU
		{5CD744CE-3837-4DFD-94B2-BBC0BE2ECED6}.Debug|Any CPU.Build.0 = Debug|Any CPU
		{5CD744CE-3837-4DFD-94B2-BBC0BE2ECED6}.Debug|x86.ActiveCfg = Debug|x86
		{5CD744CE-3837-4DFD-94B2-BBC0BE2ECED6}.Debug|x86.Build.0 = Debug|x86
		{5CD744CE-3837-4DFD-94B2-BBC0BE2ECED6}.Release|Any CPU.ActiveCfg = Release|Any CPU
		{5CD744CE-3837-4DFD-94B2-BBC0BE2ECED6}.Release|Any CPU.Build.0 = Release|Any CPU
		{5CD744CE-3837-4DFD-94B2-BBC0BE2ECED6}.Release|x86.ActiveCfg = Release|x86
		{5CD744CE-3837-4DFD-94B2-BBC0BE2ECED6}.Release|x86.Build.0 = Release|x86
		{CED4A042-434D-49B8-9B0B-6036FD61D8AC}.Debug|Any CPU.ActiveCfg = Debug|Any CPU
		{CED4A042-434D-49B8-9B0B-6036FD61D8AC}.Debug|Any CPU.Build.0 = Debug|Any CPU
		{CED4A042-434D-49B8-9B0B-6036FD61D8AC}.Debug|x86.ActiveCfg = Debug|x86
		{CED4A042-434D-49B8-9B0B-6036FD61D8AC}.Debug|x86.Build.0 = Debug|x86
		{CED4A042-434D-49B8-9B0B-6036FD61D8AC}.Release|Any CPU.ActiveCfg = Release|Any CPU
		{CED4A042-434D-49B8-9B0B-6036FD61D8AC}.Release|Any CPU.Build.0 = Release|Any CPU
		{CED4A042-434D-49B8-9B0B-6036FD61D8AC}.Release|x86.ActiveCfg = Release|x86
		{CED4A042-434D-49B8-9B0B-6036FD61D8AC}.Release|x86.Build.0 = Release|x86
		{7671E299-39F0-4BEA-BC1B-7EE0C4548034}.Debug|Any CPU.ActiveCfg = Debug|Any CPU
		{7671E299-39F0-4BEA-BC1B-7EE0C4548034}.Debug|Any CPU.Build.0 = Debug|Any CPU
		{7671E299-39F0-4BEA-BC1B-7EE0C4548034}.Debug|x86.ActiveCfg = Debug|x86
		{7671E299-39F0-4BEA-BC1B-7EE0C4548034}.Debug|x86.Build.0 = Debug|x86
		{7671E299-39F0-4BEA-BC1B-7EE0C4548034}.Release|Any CPU.ActiveCfg = Release|Any CPU
		{7671E299-39F0-4BEA-BC1B-7EE0C4548034}.Release|Any CPU.Build.0 = Release|Any CPU
		{7671E299-39F0-4BEA-BC1B-7EE0C4548034}.Release|x86.ActiveCfg = Release|x86
		{7671E299-39F0-4BEA-BC1B-7EE0C4548034}.Release|x86.Build.0 = Release|x86
		{6F0145F2-8A11-428A-A782-17F81D30FACA}.Debug|Any CPU.ActiveCfg = Debug|Any CPU
		{6F0145F2-8A11-428A-A782-17F81D30FACA}.Debug|Any CPU.Build.0 = Debug|Any CPU
		{6F0145F2-8A11-428A-A782-17F81D30FACA}.Debug|x86.ActiveCfg = Debug|x86
		{6F0145F2-8A11-428A-A782-17F81D30FACA}.Debug|x86.Build.0 = Debug|x86
		{6F0145F2-8A11-428A-A782-17F81D30FACA}.Release|Any CPU.ActiveCfg = Release|Any CPU
		{6F0145F2-8A11-428A-A782-17F81D30FACA}.Release|Any CPU.Build.0 = Release|Any CPU
		{6F0145F2-8A11-428A-A782-17F81D30FACA}.Release|x86.ActiveCfg = Release|x86
		{6F0145F2-8A11-428A-A782-17F81D30FACA}.Release|x86.Build.0 = Release|x86
		{CCF5F833-B6F1-4999-8C1E-D21DF5394B8D}.Debug|Any CPU.ActiveCfg = Debug|Any CPU
		{CCF5F833-B6F1-4999-8C1E-D21DF5394B8D}.Debug|Any CPU.Build.0 = Debug|Any CPU
		{CCF5F833-B6F1-4999-8C1E-D21DF5394B8D}.Debug|x86.ActiveCfg = Debug|x86
		{CCF5F833-B6F1-4999-8C1E-D21DF5394B8D}.Debug|x86.Build.0 = Debug|x86
		{CCF5F833-B6F1-4999-8C1E-D21DF5394B8D}.Release|Any CPU.ActiveCfg = Release|Any CPU
		{CCF5F833-B6F1-4999-8C1E-D21DF5394B8D}.Release|Any CPU.Build.0 = Release|Any CPU
		{CCF5F833-B6F1-4999-8C1E-D21DF5394B8D}.Release|x86.ActiveCfg = Release|x86
		{CCF5F833-B6F1-4999-8C1E-D21DF5394B8D}.Release|x86.Build.0 = Release|x86
		{4C65A810-D233-4640-B71B-1663E33A83A6}.Debug|Any CPU.ActiveCfg = Debug|Any CPU
		{4C65A810-D233-4640-B71B-1663E33A83A6}.Debug|Any CPU.Build.0 = Debug|Any CPU
		{4C65A810-D233-4640-B71B-1663E33A83A6}.Debug|x86.ActiveCfg = Debug|x86
		{4C65A810-D233-4640-B71B-1663E33A83A6}.Debug|x86.Build.0 = Debug|x86
		{4C65A810-D233-4640-B71B-1663E33A83A6}.Release|Any CPU.ActiveCfg = Release|Any CPU
		{4C65A810-D233-4640-B71B-1663E33A83A6}.Release|Any CPU.Build.0 = Release|Any CPU
		{4C65A810-D233-4640-B71B-1663E33A83A6}.Release|x86.ActiveCfg = Release|x86
		{4C65A810-D233-4640-B71B-1663E33A83A6}.Release|x86.Build.0 = Release|x86
		{B2A5892E-A99E-4E26-B298-CE36488213CC}.Debug|Any CPU.ActiveCfg = Debug|Any CPU
		{B2A5892E-A99E-4E26-B298-CE36488213CC}.Debug|Any CPU.Build.0 = Debug|Any CPU
		{B2A5892E-A99E-4E26-B298-CE36488213CC}.Debug|x86.ActiveCfg = Debug|x86
		{B2A5892E-A99E-4E26-B298-CE36488213CC}.Debug|x86.Build.0 = Debug|x86
		{B2A5892E-A99E-4E26-B298-CE36488213CC}.Release|Any CPU.ActiveCfg = Release|Any CPU
		{B2A5892E-A99E-4E26-B298-CE36488213CC}.Release|Any CPU.Build.0 = Release|Any CPU
		{B2A5892E-A99E-4E26-B298-CE36488213CC}.Release|x86.ActiveCfg = Release|x86
		{B2A5892E-A99E-4E26-B298-CE36488213CC}.Release|x86.Build.0 = Release|x86
		{68CCDD6B-7CA5-41D1-A725-53A0D77E6C80}.Debug|Any CPU.ActiveCfg = Debug|Any CPU
		{68CCDD6B-7CA5-41D1-A725-53A0D77E6C80}.Debug|Any CPU.Build.0 = Debug|Any CPU
		{68CCDD6B-7CA5-41D1-A725-53A0D77E6C80}.Debug|x86.ActiveCfg = Debug|x86
		{68CCDD6B-7CA5-41D1-A725-53A0D77E6C80}.Debug|x86.Build.0 = Debug|x86
		{68CCDD6B-7CA5-41D1-A725-53A0D77E6C80}.Release|Any CPU.ActiveCfg = Release|Any CPU
		{68CCDD6B-7CA5-41D1-A725-53A0D77E6C80}.Release|Any CPU.Build.0 = Release|Any CPU
		{68CCDD6B-7CA5-41D1-A725-53A0D77E6C80}.Release|x86.ActiveCfg = Release|x86
		{68CCDD6B-7CA5-41D1-A725-53A0D77E6C80}.Release|x86.Build.0 = Release|x86
		{E056C409-33CB-42E3-B863-1E71526D470F}.Debug|Any CPU.ActiveCfg = Debug|Any CPU
		{E056C409-33CB-42E3-B863-1E71526D470F}.Debug|Any CPU.Build.0 = Debug|Any CPU
		{E056C409-33CB-42E3-B863-1E71526D470F}.Debug|x86.ActiveCfg = Debug|Any CPU
		{E056C409-33CB-42E3-B863-1E71526D470F}.Debug|x86.Build.0 = Debug|Any CPU
		{E056C409-33CB-42E3-B863-1E71526D470F}.Release|Any CPU.ActiveCfg = Release|Any CPU
		{E056C409-33CB-42E3-B863-1E71526D470F}.Release|Any CPU.Build.0 = Release|Any CPU
		{E056C409-33CB-42E3-B863-1E71526D470F}.Release|x86.ActiveCfg = Release|Any CPU
		{E056C409-33CB-42E3-B863-1E71526D470F}.Release|x86.Build.0 = Release|Any CPU
	EndGlobalSection
	GlobalSection(SolutionProperties) = preSolution
		HideSolutionNode = FALSE
	EndGlobalSection
EndGlobal
